PODS:
  - AlertBar (0.1.3)
  - Realm (1.0.1):
    - Realm/Headers (= 1.0.1)
  - Realm/Headers (1.0.1)
  - RealmSwift (1.0.1):
    - Realm (= 1.0.1)

DEPENDENCIES:
  - AlertBar
  - RealmSwift

SPEC CHECKSUMS:
  AlertBar: ea0d02bd415d71171872bc378ed3470efb2cefd3
  Realm: 2e15e39d35b08abb529e212ed5d8af107b5236c8
  RealmSwift: d73ea2af08c3676dbdd5e4b669651a0f492162a4

PODFILE CHECKSUM: d13cacf82bd5ced7a41b393b11a4e208c0f9fb84

COCOAPODS: 1.0.1
